
Microsoft Visual Studio Solution File, Format Version 12.00
# Visual Studio Version 17
VisualStudioVersion = 17.8.34408.163
MinimumVisualStudioVersion = 10.0.40219.1
Project("{8BC9CEB8-8B4A-11D0-8D11-00A0C91BC942}") = "Stack", "Stack\Stack.vcxproj", "{2B112778-E6D0-4CF7-8F62-C0D373A0CD23}"
EndProject
Project("{8BC9CEB8-8B4A-11D0-8D11-00A0C91BC942}") = "DoubleList", "DoubleList\DoubleList.vcxproj", "{ED3CBDF6-5DE3-4E04-8925-30BD9DC23B6C}"
EndProject
Project("{8BC9CEB8-8B4A-11D0-8D11-00A0C91BC942}") = "SingleList", "SingleList\SingleList.vcxproj", "{DEC3787D-C773-4BE3-B901-B71393B98338}"
EndProject
Project("{8BC9CEB8-8B4A-11D0-8D11-00A0C91BC942}") = "CircleList", "CircleList\CircleList.vcxproj", "{22935492-FEC0-4CCF-A090-D41BD2180E0F}"
EndProject
Project("{8BC9CEB8-8B4A-11D0-8D11-00A0C91BC942}") = "Set", "Set\Set.vcxproj", "{BED8C07B-A6B2-4A25-AECB-9E40B53A8D7A}"
EndProject
Project("{8BC9CEB8-8B4A-11D0-8D11-00A0C91BC942}") = "Map", "Map\Map.vcxproj", "{EE348CE2-12D9-4B32-B6F7-722BFA6B8BC7}"
EndProject
Project("{8BC9CEB8-8B4A-11D0-8D11-00A0C91BC942}") = "Queue", "Queue\Queue.vcxproj", "{394EBEF8-A98D-449D-9921-60D0BE1F396E}"
EndProject
Global
	GlobalSection(SolutionConfigurationPlatforms) = preSolution
		Debug|x64 = Debug|x64
		Debug|x86 = Debug|x86
		Release|x64 = Release|x64
		Release|x86 = Release|x86
	EndGlobalSection
	GlobalSection(ProjectConfigurationPlatforms) = postSolution
		{2B112778-E6D0-4CF7-8F62-C0D373A0CD23}.Debug|x64.ActiveCfg = Debug|x64
		{2B112778-E6D0-4CF7-8F62-C0D373A0CD23}.Debug|x64.Build.0 = Debug|x64
		{2B112778-E6D0-4CF7-8F62-C0D373A0CD23}.Debug|x86.ActiveCfg = Debug|Win32
		{2B112778-E6D0-4CF7-8F62-C0D373A0CD23}.Debug|x86.Build.0 = Debug|Win32
		{2B112778-E6D0-4CF7-8F62-C0D373A0CD23}.Release|x64.ActiveCfg = Release|x64
		{2B112778-E6D0-4CF7-8F62-C0D373A0CD23}.Release|x64.Build.0 = Release|x64
		{2B112778-E6D0-4CF7-8F62-C0D373A0CD23}.Release|x86.ActiveCfg = Release|Win32
		{2B112778-E6D0-4CF7-8F62-C0D373A0CD23}.Release|x86.Build.0 = Release|Win32
		{ED3CBDF6-5DE3-4E04-8925-30BD9DC23B6C}.Debug|x64.ActiveCfg = Debug|x64
		{ED3CBDF6-5DE3-4E04-8925-30BD9DC23B6C}.Debug|x64.Build.0 = Debug|x64
		{ED3CBDF6-5DE3-4E04-8925-30BD9DC23B6C}.Debug|x86.ActiveCfg = Debug|Win32
		{ED3CBDF6-5DE3-4E04-8925-30BD9DC23B6C}.Debug|x86.Build.0 = Debug|Win32
		{ED3CBDF6-5DE3-4E04-8925-30BD9DC23B6C}.Release|x64.ActiveCfg = Release|x64
		{ED3CBDF6-5DE3-4E04-8925-30BD9DC23B6C}.Release|x64.Build.0 = Release|x64
		{ED3CBDF6-5DE3-4E04-8925-30BD9DC23B6C}.Release|x86.ActiveCfg = Release|Win32
		{ED3CBDF6-5DE3-4E04-8925-30BD9DC23B6C}.Release|x86.Build.0 = Release|Win32
		{DEC3787D-C773-4BE3-B901-B71393B98338}.Debug|x64.ActiveCfg = Debug|x64
		{DEC3787D-C773-4BE3-B901-B71393B98338}.Debug|x64.Build.0 = Debug|x64
		{DEC3787D-C773-4BE3-B901-B71393B98338}.Debug|x86.ActiveCfg = Debug|Win32
		{DEC3787D-C773-4BE3-B901-B71393B98338}.Debug|x86.Build.0 = Debug|Win32
		{DEC3787D-C773-4BE3-B901-B71393B98338}.Release|x64.ActiveCfg = Release|x64
		{DEC3787D-C773-4BE3-B901-B71393B98338}.Release|x64.Build.0 = Release|x64
		{DEC3787D-C773-4BE3-B901-B71393B98338}.Release|x86.ActiveCfg = Release|Win32
		{DEC3787D-C773-4BE3-B901-B71393B98338}.Release|x86.Build.0 = Release|Win32
		{22935492-FEC0-4CCF-A090-D41BD2180E0F}.Debug|x64.ActiveCfg = Debug|x64
		{22935492-FEC0-4CCF-A090-D41BD2180E0F}.Debug|x64.Build.0 = Debug|x64
		{22935492-FEC0-4CCF-A090-D41BD2180E0F}.Debug|x86.ActiveCfg = Debug|Win32
		{22935492-FEC0-4CCF-A090-D41BD2180E0F}.Debug|x86.Build.0 = Debug|Win32
		{22935492-FEC0-4CCF-A090-D41BD2180E0F}.Release|x64.ActiveCfg = Release|x64
		{22935492-FEC0-4CCF-A090-D41BD2180E0F}.Release|x64.Build.0 = Release|x64
		{22935492-FEC0-4CCF-A090-D41BD2180E0F}.Release|x86.ActiveCfg = Release|Win32
		{22935492-FEC0-4CCF-A090-D41BD2180E0F}.Release|x86.Build.0 = Release|Win32
		{BED8C07B-A6B2-4A25-AECB-9E40B53A8D7A}.Debug|x64.ActiveCfg = Debug|x64
		{BED8C07B-A6B2-4A25-AECB-9E40B53A8D7A}.Debug|x64.Build.0 = Debug|x64
		{BED8C07B-A6B2-4A25-AECB-9E40B53A8D7A}.Debug|x86.ActiveCfg = Debug|Win32
		{BED8C07B-A6B2-4A25-AECB-9E40B53A8D7A}.Debug|x86.Build.0 = Debug|Win32
		{BED8C07B-A6B2-4A25-AECB-9E40B53A8D7A}.Release|x64.ActiveCfg = Release|x64
		{BED8C07B-A6B2-4A25-AECB-9E40B53A8D7A}.Release|x64.Build.0 = Release|x64
		{BED8C07B-A6B2-4A25-AECB-9E40B53A8D7A}.Release|x86.ActiveCfg = Release|Win32
		{BED8C07B-A6B2-4A25-AECB-9E40B53A8D7A}.Release|x86.Build.0 = Release|Win32
		{EE348CE2-12D9-4B32-B6F7-722BFA6B8BC7}.Debug|x64.ActiveCfg = Debug|x64
		{EE348CE2-12D9-4B32-B6F7-722BFA6B8BC7}.Debug|x64.Build.0 = Debug|x64
		{EE348CE2-12D9-4B32-B6F7-722BFA6B8BC7}.Debug|x86.ActiveCfg = Debug|Win32
		{EE348CE2-12D9-4B32-B6F7-722BFA6B8BC7}.Debug|x86.Build.0 = Debug|Win32
		{EE348CE2-12D9-4B32-B6F7-722BFA6B8BC7}.Release|x64.ActiveCfg = Release|x64
		{EE348CE2-12D9-4B32-B6F7-722BFA6B8BC7}.Release|x64.Build.0 = Release|x64
		{EE348CE2-12D9-4B32-B6F7-722BFA6B8BC7}.Release|x86.ActiveCfg = Release|Win32
		{EE348CE2-12D9-4B32-B6F7-722BFA6B8BC7}.Release|x86.Build.0 = Release|Win32
		{394EBEF8-A98D-449D-9921-60D0BE1F396E}.Debug|x64.ActiveCfg = Debug|x64
		{394EBEF8-A98D-449D-9921-60D0BE1F396E}.Debug|x64.Build.0 = Debug|x64
		{394EBEF8-A98D-449D-9921-60D0BE1F396E}.Debug|x86.ActiveCfg = Debug|Win32
		{394EBEF8-A98D-449D-9921-60D0BE1F396E}.Debug|x86.Build.0 = Debug|Win32
		{394EBEF8-A98D-449D-9921-60D0BE1F396E}.Release|x64.ActiveCfg = Release|x64
		{394EBEF8-A98D-449D-9921-60D0BE1F396E}.Release|x64.Build.0 = Release|x64
		{394EBEF8-A98D-449D-9921-60D0BE1F396E}.Release|x86.ActiveCfg = Release|Win32
		{394EBEF8-A98D-449D-9921-60D0BE1F396E}.Release|x86.Build.0 = Release|Win32
	EndGlobalSection
	GlobalSection(SolutionProperties) = preSolution
		HideSolutionNode = FALSE
	EndGlobalSection
	GlobalSection(ExtensibilityGlobals) = postSolution
		SolutionGuid = {927CBCE3-AF49-49C0-851C-499139538520}
	EndGlobalSection
EndGlobal
